// !$*UTF8*$!
{
	archiveVersion = 1;
	classes = {
	};
	objectVersion = 56;
	objects = {

/* Begin PBXBuildFile section */
		B478C1662C5AA90A0009B4DE /* PreferenceKeys.swift in Sources */ = {isa = PBXBuildFile; fileRef = B478C1652C5AA90A0009B4DE /* PreferenceKeys.swift */; };
		B478C1682C5ECE560009B4DE /* AnimatableFontModifier.swift in Sources */ = {isa = PBXBuildFile; fileRef = B478C1672C5ECE560009B4DE /* AnimatableFontModifier.swift */; };
		B478C16A2C5EE70E0009B4DE /* Course.swift in Sources */ = {isa = PBXBuildFile; fileRef = B478C1692C5EE70E0009B4DE /* Course.swift */; };
		B49B049D2C5A88D700725719 /* FeatureItem.swift in Sources */ = {isa = PBXBuildFile; fileRef = B49B049C2C5A88D700725719 /* FeatureItem.swift */; };
		B49B049F2C5A92C300725719 /* Navegation_Bar.swift in Sources */ = {isa = PBXBuildFile; fileRef = B49B049E2C5A92C300725719 /* Navegation_Bar.swift */; };
		B4F6EFE12C509A2100DB6263 /* KuviDesigniOS15App.swift in Sources */ = {isa = PBXBuildFile; fileRef = B4F6EFE02C509A2100DB6263 /* KuviDesigniOS15App.swift */; };
		B4F6EFE32C509A2100DB6263 /* ContentView.swift in Sources */ = {isa = PBXBuildFile; fileRef = B4F6EFE22C509A2100DB6263 /* ContentView.swift */; };
		B4F6EFE52C509A2200DB6263 /* Assets.xcassets in Resources */ = {isa = PBXBuildFile; fileRef = B4F6EFE42C509A2200DB6263 /* Assets.xcassets */; };
		B4F6EFE82C509A2200DB6263 /* Preview Assets.xcassets in Resources */ = {isa = PBXBuildFile; fileRef = B4F6EFE72C509A2200DB6263 /* Preview Assets.xcassets */; };
		B4F6EFEF2C52DBCF00DB6263 /* Styles.swift in Sources */ = {isa = PBXBuildFile; fileRef = B4F6EFEE2C52DBCF00DB6263 /* Styles.swift */; };
		B4F6EFF12C52E8C400DB6263 /* AccountView.swift in Sources */ = {isa = PBXBuildFile; fileRef = B4F6EFF02C52E8C400DB6263 /* AccountView.swift */; };
		B4F6EFF32C53099200DB6263 /* HexagonView.swift in Sources */ = {isa = PBXBuildFile; fileRef = B4F6EFF22C53099200DB6263 /* HexagonView.swift */; };
		B4F6EFF52C5333FA00DB6263 /* BlogView.swift in Sources */ = {isa = PBXBuildFile; fileRef = B4F6EFF42C5333F900DB6263 /* BlogView.swift */; };
		B4F6EFF72C54537D00DB6263 /* TabBar.swift in Sources */ = {isa = PBXBuildFile; fileRef = B4F6EFF62C54537D00DB6263 /* TabBar.swift */; };
		B4F6EFF92C5458BE00DB6263 /* Tab.swift in Sources */ = {isa = PBXBuildFile; fileRef = B4F6EFF82C5458BE00DB6263 /* Tab.swift */; };
		B4F6EFFB2C59968C00DB6263 /* HomeView.swift in Sources */ = {isa = PBXBuildFile; fileRef = B4F6EFFA2C59968C00DB6263 /* HomeView.swift */; };
/* End PBXBuildFile section */

/* Begin PBXFileReference section */
		B478C1652C5AA90A0009B4DE /* PreferenceKeys.swift */ = {isa = PBXFileReference; lastKnownFileType = sourcecode.swift; path = PreferenceKeys.swift; sourceTree = "<group>"; };
		B478C1672C5ECE560009B4DE /* AnimatableFontModifier.swift */ = {isa = PBXFileReference; lastKnownFileType = sourcecode.swift; path = AnimatableFontModifier.swift; sourceTree = "<group>"; };
		B478C1692C5EE70E0009B4DE /* Course.swift */ = {isa = PBXFileReference; lastKnownFileType = sourcecode.swift; path = Course.swift; sourceTree = "<group>"; };
		B49B049C2C5A88D700725719 /* FeatureItem.swift */ = {isa = PBXFileReference; lastKnownFileType = sourcecode.swift; path = FeatureItem.swift; sourceTree = "<group>"; };
		B49B049E2C5A92C300725719 /* Navegation_Bar.swift */ = {isa = PBXFileReference; lastKnownFileType = sourcecode.swift; path = Navegation_Bar.swift; sourceTree = "<group>"; };
		B4F6EFDD2C509A2100DB6263 /* KuviDesigniOS15.app */ = {isa = PBXFileReference; explicitFileType = wrapper.application; includeInIndex = 0; path = KuviDesigniOS15.app; sourceTree = BUILT_PRODUCTS_DIR; };
		B4F6EFE02C509A2100DB6263 /* KuviDesigniOS15App.swift */ = {isa = PBXFileReference; lastKnownFileType = sourcecode.swift; path = KuviDesigniOS15App.swift; sourceTree = "<group>"; };
		B4F6EFE22C509A2100DB6263 /* ContentView.swift */ = {isa = PBXFileReference; lastKnownFileType = sourcecode.swift; path = ContentView.swift; sourceTree = "<group>"; };
		B4F6EFE42C509A2200DB6263 /* Assets.xcassets */ = {isa = PBXFileReference; lastKnownFileType = folder.assetcatalog; path = Assets.xcassets; sourceTree = "<group>"; };
		B4F6EFE72C509A2200DB6263 /* Preview Assets.xcassets */ = {isa = PBXFileReference; lastKnownFileType = folder.assetcatalog; path = "Preview Assets.xcassets"; sourceTree = "<group>"; };
		B4F6EFEE2C52DBCF00DB6263 /* Styles.swift */ = {isa = PBXFileReference; lastKnownFileType = sourcecode.swift; path = Styles.swift; sourceTree = "<group>"; };
		B4F6EFF02C52E8C400DB6263 /* AccountView.swift */ = {isa = PBXFileReference; lastKnownFileType = sourcecode.swift; path = AccountView.swift; sourceTree = "<group>"; };
		B4F6EFF22C53099200DB6263 /* HexagonView.swift */ = {isa = PBXFileReference; lastKnownFileType = sourcecode.swift; path = HexagonView.swift; sourceTree = "<group>"; };
		B4F6EFF42C5333F900DB6263 /* BlogView.swift */ = {isa = PBXFileReference; lastKnownFileType = sourcecode.swift; path = BlogView.swift; sourceTree = "<group>"; };
		B4F6EFF62C54537D00DB6263 /* TabBar.swift */ = {isa = PBXFileReference; lastKnownFileType = sourcecode.swift; path = TabBar.swift; sourceTree = "<group>"; };
		B4F6EFF82C5458BE00DB6263 /* Tab.swift */ = {isa = PBXFileReference; lastKnownFileType = sourcecode.swift; path = Tab.swift; sourceTree = "<group>"; };
		B4F6EFFA2C59968C00DB6263 /* HomeView.swift */ = {isa = PBXFileReference; lastKnownFileType = sourcecode.swift; path = HomeView.swift; sourceTree = "<group>"; };
/* End PBXFileReference section */

/* Begin PBXFrameworksBuildPhase section */
		B4F6EFDA2C509A2100DB6263 /* Frameworks */ = {
			isa = PBXFrameworksBuildPhase;
			buildActionMask = 2147483647;
			files = (
			);
			runOnlyForDeploymentPostprocessing = 0;
		};
/* End PBXFrameworksBuildPhase section */

/* Begin PBXGroup section */
		B43BCF022C5A7C03004E762C /* Navigation */ = {
			isa = PBXGroup;
			children = (
				B4F6EFE22C509A2100DB6263 /* ContentView.swift */,
				B4F6EFF62C54537D00DB6263 /* TabBar.swift */,
				B49B049E2C5A92C300725719 /* Navegation_Bar.swift */,
			);
			path = Navigation;
			sourceTree = "<group>";
		};
		B43BCF032C5A7C38004E762C /* Views */ = {
			isa = PBXGroup;
			children = (
				B4F6EFFA2C59968C00DB6263 /* HomeView.swift */,
				B4F6EFF02C52E8C400DB6263 /* AccountView.swift */,
			);
			path = Views;
			sourceTree = "<group>";
		};
		B43BCF042C5A7CDE004E762C /* Styles */ = {
			isa = PBXGroup;
			children = (
				B4F6EFEE2C52DBCF00DB6263 /* Styles.swift */,
				B478C1672C5ECE560009B4DE /* AnimatableFontModifier.swift */,
			);
			path = Styles;
			sourceTree = "<group>";
		};
		B43BCF052C5A80C0004E762C /* Components */ = {
			isa = PBXGroup;
			children = (
				B4F6EFF22C53099200DB6263 /* HexagonView.swift */,
				B4F6EFF42C5333F900DB6263 /* BlogView.swift */,
			);
			path = Components;
			sourceTree = "<group>";
		};
		B478C1642C5AA76D0009B4DE /* Model */ = {
			isa = PBXGroup;
			children = (
				B4F6EFF82C5458BE00DB6263 /* Tab.swift */,
				B478C1652C5AA90A0009B4DE /* PreferenceKeys.swift */,
				B478C1692C5EE70E0009B4DE /* Course.swift */,
			);
			path = Model;
			sourceTree = "<group>";
		};
		B4F6EFD42C509A2100DB6263 = {
			isa = PBXGroup;
			children = (
				B4F6EFDF2C509A2100DB6263 /* KuviDesigniOS15 */,
				B4F6EFDE2C509A2100DB6263 /* Products */,
			);
			sourceTree = "<group>";
		};
		B4F6EFDE2C509A2100DB6263 /* Products */ = {
			isa = PBXGroup;
			children = (
				B4F6EFDD2C509A2100DB6263 /* KuviDesigniOS15.app */,
			);
			name = Products;
			sourceTree = "<group>";
		};
		B4F6EFDF2C509A2100DB6263 /* KuviDesigniOS15 */ = {
			isa = PBXGroup;
			children = (
				B4F6EFE02C509A2100DB6263 /* KuviDesigniOS15App.swift */,
				B43BCF022C5A7C03004E762C /* Navigation */,
				B43BCF032C5A7C38004E762C /* Views */,
				B43BCF052C5A80C0004E762C /* Components */,
				B478C1642C5AA76D0009B4DE /* Model */,
				B43BCF042C5A7CDE004E762C /* Styles */,
				B49B049C2C5A88D700725719 /* FeatureItem.swift */,
				B4F6EFE42C509A2200DB6263 /* Assets.xcassets */,
				B4F6EFE62C509A2200DB6263 /* Preview Content */,
			);
			path = KuviDesigniOS15;
			sourceTree = "<group>";
		};
		B4F6EFE62C509A2200DB6263 /* Preview Content */ = {
			isa = PBXGroup;
			children = (
				B4F6EFE72C509A2200DB6263 /* Preview Assets.xcassets */,
			);
			path = "Preview Content";
			sourceTree = "<group>";
		};
/* End PBXGroup section */

/* Begin PBXNativeTarget section */
		B4F6EFDC2C509A2100DB6263 /* KuviDesigniOS15 */ = {
			isa = PBXNativeTarget;
			buildConfigurationList = B4F6EFEB2C509A2200DB6263 /* Build configuration list for PBXNativeTarget "KuviDesigniOS15" */;
			buildPhases = (
				B4F6EFD92C509A2100DB6263 /* Sources */,
				B4F6EFDA2C509A2100DB6263 /* Frameworks */,
				B4F6EFDB2C509A2100DB6263 /* Resources */,
			);
			buildRules = (
			);
			dependencies = (
			);
			name = KuviDesigniOS15;
			productName = KuviDesigniOS15;
			productReference = B4F6EFDD2C509A2100DB6263 /* KuviDesigniOS15.app */;
			productType = "com.apple.product-type.application";
		};
/* End PBXNativeTarget section */

/* Begin PBXProject section */
		B4F6EFD52C509A2100DB6263 /* Project object */ = {
			isa = PBXProject;
			attributes = {
				BuildIndependentTargetsInParallel = 1;
				LastSwiftUpdateCheck = 1540;
				LastUpgradeCheck = 1540;
				TargetAttributes = {
					B4F6EFDC2C509A2100DB6263 = {
						CreatedOnToolsVersion = 15.4;
					};
				};
			};
			buildConfigurationList = B4F6EFD82C509A2100DB6263 /* Build configuration list for PBXProject "KuviDesigniOS15" */;
			compatibilityVersion = "Xcode 14.0";
			developmentRegion = en;
			hasScannedForEncodings = 0;
			knownRegions = (
				en,
				Base,
			);
			mainGroup = B4F6EFD42C509A2100DB6263;
			productRefGroup = B4F6EFDE2C509A2100DB6263 /* Products */;
			projectDirPath = "";
			projectRoot = "";
			targets = (
				B4F6EFDC2C509A2100DB6263 /* KuviDesigniOS15 */,
			);
		};
/* End PBXProject section */

/* Begin PBXResourcesBuildPhase section */
		B4F6EFDB2C509A2100DB6263 /* Resources */ = {
			isa = PBXResourcesBuildPhase;
			buildActionMask = 2147483647;
			files = (
				B4F6EFE82C509A2200DB6263 /* Preview Assets.xcassets in Resources */,
				B4F6EFE52C509A2200DB6263 /* Assets.xcassets in Resources */,
			);
			runOnlyForDeploymentPostprocessing = 0;
		};
/* End PBXResourcesBuildPhase section */

/* Begin PBXSourcesBuildPhase section */
		B4F6EFD92C509A2100DB6263 /* Sources */ = {
			isa = PBXSourcesBuildPhase;
			buildActionMask = 2147483647;
			files = (
				B4F6EFFB2C59968C00DB6263 /* HomeView.swift in Sources */,
				B4F6EFF12C52E8C400DB6263 /* AccountView.swift in Sources */,
				B4F6EFF32C53099200DB6263 /* HexagonView.swift in Sources */,
				B49B049D2C5A88D700725719 /* FeatureItem.swift in Sources */,
				B4F6EFEF2C52DBCF00DB6263 /* Styles.swift in Sources */,
				B4F6EFF92C5458BE00DB6263 /* Tab.swift in Sources */,
				B4F6EFE32C509A2100DB6263 /* ContentView.swift in Sources */,
				B4F6EFF52C5333FA00DB6263 /* BlogView.swift in Sources */,
				B478C16A2C5EE70E0009B4DE /* Course.swift in Sources */,
				B4F6EFE12C509A2100DB6263 /* KuviDesigniOS15App.swift in Sources */,
				B4F6EFF72C54537D00DB6263 /* TabBar.swift in Sources */,
				B478C1662C5AA90A0009B4DE /* PreferenceKeys.swift in Sources */,
				B49B049F2C5A92C300725719 /* Navegation_Bar.swift in Sources */,
				B478C1682C5ECE560009B4DE /* AnimatableFontModifier.swift in Sources */,
			);
			runOnlyForDeploymentPostprocessing = 0;
		};
/* End PBXSourcesBuildPhase section */

/* Begin XCBuildConfiguration section */
		B4F6EFE92C509A2200DB6263 /* Debug */ = {
			isa = XCBuildConfiguration;
			buildSettings = {
				ALWAYS_SEARCH_USER_PATHS = NO;
				ASSETCATALOG_COMPILER_GENERATE_SWIFT_ASSET_SYMBOL_EXTENSIONS = YES;
				CLANG_ANALYZER_NONNULL = YES;
				CLANG_ANALYZER_NUMBER_OBJECT_CONVERSION = YES_AGGRESSIVE;
				CLANG_CXX_LANGUAGE_STANDARD = "gnu++20";
				CLANG_ENABLE_MODULES = YES;
				CLANG_ENABLE_OBJC_ARC = YES;
				CLANG_ENABLE_OBJC_WEAK = YES;
				CLANG_WARN_BLOCK_CAPTURE_AUTORELEASING = YES;
				CLANG_WARN_BOOL_CONVERSION = YES;
				CLANG_WARN_COMMA = YES;
				CLANG_WARN_CONSTANT_CONVERSION = YES;
				CLANG_WARN_DEPRECATED_OBJC_IMPLEMENTATIONS = YES;
				CLANG_WARN_DIRECT_OBJC_ISA_USAGE = YES_ERROR;
				CLANG_WARN_DOCUMENTATION_COMMENTS = YES;
				CLANG_WARN_EMPTY_BODY = YES;
				CLANG_WARN_ENUM_CONVERSION = YES;
				CLANG_WARN_INFINITE_RECURSION = YES;
				CLANG_WARN_INT_CONVERSION = YES;
				CLANG_WARN_NON_LITERAL_NULL_CONVERSION = YES;
				CLANG_WARN_OBJC_IMPLICIT_RETAIN_SELF = YES;
				CLANG_WARN_OBJC_LITERAL_CONVERSION = YES;
				CLANG_WARN_OBJC_ROOT_CLASS = YES_ERROR;
				CLANG_WARN_QUOTED_INCLUDE_IN_FRAMEWORK_HEADER = YES;
				CLANG_WARN_RANGE_LOOP_ANALYSIS = YES;
				CLANG_WARN_STRICT_PROTOTYPES = YES;
				CLANG_WARN_SUSPICIOUS_MOVE = YES;
				CLANG_WARN_UNGUARDED_AVAILABILITY = YES_AGGRESSIVE;
				CLANG_WARN_UNREACHABLE_CODE = YES;
				CLANG_WARN__DUPLICATE_METHOD_MATCH = YES;
				COPY_PHASE_STRIP = NO;
				DEBUG_INFORMATION_FORMAT = dwarf;
				ENABLE_STRICT_OBJC_MSGSEND = YES;
				ENABLE_TESTABILITY = YES;
				ENABLE_USER_SCRIPT_SANDBOXING = YES;
				GCC_C_LANGUAGE_STANDARD = gnu17;
				GCC_DYNAMIC_NO_PIC = NO;
				GCC_NO_COMMON_BLOCKS = YES;
				GCC_OPTIMIZATION_LEVEL = 0;
				GCC_PREPROCESSOR_DEFINITIONS = (
					"DEBUG=1",
					"$(inherited)",
				);
				GCC_WARN_64_TO_32_BIT_CONVERSION = YES;
				GCC_WARN_ABOUT_RETURN_TYPE = YES_ERROR;
				GCC_WARN_UNDECLARED_SELECTOR = YES;
				GCC_WARN_UNINITIALIZED_AUTOS = YES_AGGRESSIVE;
				GCC_WARN_UNUSED_FUNCTION = YES;
				GCC_WARN_UNUSED_VARIABLE = YES;
				IPHONEOS_DEPLOYMENT_TARGET = 17.5;
				LOCALIZATION_PREFERS_STRING_CATALOGS = YES;
				MTL_ENABLE_DEBUG_INFO = INCLUDE_SOURCE;
				MTL_FAST_MATH = YES;
				ONLY_ACTIVE_ARCH = YES;
				SDKROOT = iphoneos;
				SWIFT_ACTIVE_COMPILATION_CONDITIONS = "DEBUG $(inherited)";
				SWIFT_OPTIMIZATION_LEVEL = "-Onone";
			};
			name = Debug;
		};
		B4F6EFEA2C509A2200DB6263 /* Release */ = {
			isa = XCBuildConfiguration;
			buildSettings = {
				ALWAYS_SEARCH_USER_PATHS = NO;
				ASSETCATALOG_COMPILER_GENERATE_SWIFT_ASSET_SYMBOL_EXTENSIONS = YES;
				CLANG_ANALYZER_NONNULL = YES;
				CLANG_ANALYZER_NUMBER_OBJECT_CONVERSION = YES_AGGRESSIVE;
				CLANG_CXX_LANGUAGE_STANDARD = "gnu++20";
				CLANG_ENABLE_MODULES = YES;
				CLANG_ENABLE_OBJC_ARC = YES;
				CLANG_ENABLE_OBJC_WEAK = YES;
				CLANG_WARN_BLOCK_CAPTURE_AUTORELEASING = YES;
				CLANG_WARN_BOOL_CONVERSION = YES;
				CLANG_WARN_COMMA = YES;
				CLANG_WARN_CONSTANT_CONVERSION = YES;
				CLANG_WARN_DEPRECATED_OBJC_IMPLEMENTATIONS = YES;
				CLANG_WARN_DIRECT_OBJC_ISA_USAGE = YES_ERROR;
				CLANG_WARN_DOCUMENTATION_COMMENTS = YES;
				CLANG_WARN_EMPTY_BODY = YES;
				CLANG_WARN_ENUM_CONVERSION = YES;
				CLANG_WARN_INFINITE_RECURSION = YES;
				CLANG_WARN_INT_CONVERSION = YES;
				CLANG_WARN_NON_LITERAL_NULL_CONVERSION = YES;
				CLANG_WARN_OBJC_IMPLICIT_RETAIN_SELF = YES;
				CLANG_WARN_OBJC_LITERAL_CONVERSION = YES;
				CLANG_WARN_OBJC_ROOT_CLASS = YES_ERROR;
				CLANG_WARN_QUOTED_INCLUDE_IN_FRAMEWORK_HEADER = YES;
				CLANG_WARN_RANGE_LOOP_ANALYSIS = YES;
				CLANG_WARN_STRICT_PROTOTYPES = YES;
				CLANG_WARN_SUSPICIOUS_MOVE = YES;
				CLANG_WARN_UNGUARDED_AVAILABILITY = YES_AGGRESSIVE;
				CLANG_WARN_UNREACHABLE_CODE = YES;
				CLANG_WARN__DUPLICATE_METHOD_MATCH = YES;
				COPY_PHASE_STRIP = NO;
				DEBUG_INFORMATION_FORMAT = "dwarf-with-dsym";
				ENABLE_NS_ASSERTIONS = NO;
				ENABLE_STRICT_OBJC_MSGSEND = YES;
				ENABLE_USER_SCRIPT_SANDBOXING = YES;
				GCC_C_LANGUAGE_STANDARD = gnu17;
				GCC_NO_COMMON_BLOCKS = YES;
				GCC_WARN_64_TO_32_BIT_CONVERSION = YES;
				GCC_WARN_ABOUT_RETURN_TYPE = YES_ERROR;
				GCC_WARN_UNDECLARED_SELECTOR = YES;
				GCC_WARN_UNINITIALIZED_AUTOS = YES_AGGRESSIVE;
				GCC_WARN_UNUSED_FUNCTION = YES;
				GCC_WARN_UNUSED_VARIABLE = YES;
				IPHONEOS_DEPLOYMENT_TARGET = 17.5;
				LOCALIZATION_PREFERS_STRING_CATALOGS = YES;
				MTL_ENABLE_DEBUG_INFO = NO;
				MTL_FAST_MATH = YES;
				SDKROOT = iphoneos;
				SWIFT_COMPILATION_MODE = wholemodule;
				VALIDATE_PRODUCT = YES;
			};
			name = Release;
		};
		B4F6EFEC2C509A2200DB6263 /* Debug */ = {
			isa = XCBuildConfiguration;
			buildSettings = {
				ASSETCATALOG_COMPILER_APPICON_NAME = AppIcon;
				ASSETCATALOG_COMPILER_GLOBAL_ACCENT_COLOR_NAME = AccentColor;
				CODE_SIGN_STYLE = Automatic;
				CURRENT_PROJECT_VERSION = 1;
				DEVELOPMENT_ASSET_PATHS = "\"KuviDesigniOS15/Preview Content\"";
				DEVELOPMENT_TEAM = RTUY9MP2HM;
				ENABLE_PREVIEWS = YES;
				GENERATE_INFOPLIST_FILE = YES;
				INFOPLIST_KEY_UIApplicationSceneManifest_Generation = YES;
				INFOPLIST_KEY_UIApplicationSupportsIndirectInputEvents = YES;
				INFOPLIST_KEY_UILaunchScreen_Generation = YES;
				INFOPLIST_KEY_UISupportedInterfaceOrientations_iPad = "UIInterfaceOrientationPortrait UIInterfaceOrientationPortraitUpsideDown UIInterfaceOrientationLandscapeLeft UIInterfaceOrientationLandscapeRight";
				INFOPLIST_KEY_UISupportedInterfaceOrientations_iPhone = "UIInterfaceOrientationPortrait UIInterfaceOrientationLandscapeLeft UIInterfaceOrientationLandscapeRight";
				IPHONEOS_DEPLOYMENT_TARGET = 15.0;
				LD_RUNPATH_SEARCH_PATHS = (
					"$(inherited)",
					"@executable_path/Frameworks",
				);
				MARKETING_VERSION = 1.0;
				PRODUCT_BUNDLE_IDENTIFIER = io.kuvi.KuviDesigniOS15;
				PRODUCT_NAME = "$(TARGET_NAME)";
				SWIFT_EMIT_LOC_STRINGS = YES;
				SWIFT_VERSION = 5.0;
				TARGETED_DEVICE_FAMILY = "1,2";
			};
			name = Debug;
		};
		B4F6EFED2C509A2200DB6263 /* Release */ = {
			isa = XCBuildConfiguration;
			buildSettings = {
				ASSETCATALOG_COMPILER_APPICON_NAME = AppIcon;
				ASSETCATALOG_COMPILER_GLOBAL_ACCENT_COLOR_NAME = AccentColor;
				CODE_SIGN_STYLE = Automatic;
				CURRENT_PROJECT_VERSION = 1;
				DEVELOPMENT_ASSET_PATHS = "\"KuviDesigniOS15/Preview Content\"";
				DEVELOPMENT_TEAM = RTUY9MP2HM;
				ENABLE_PREVIEWS = YES;
				GENERATE_INFOPLIST_FILE = YES;
				INFOPLIST_KEY_UIApplicationSceneManifest_Generation = YES;
				INFOPLIST_KEY_UIApplicationSupportsIndirectInputEvents = YES;
				INFOPLIST_KEY_UILaunchScreen_Generation = YES;
				INFOPLIST_KEY_UISupportedInterfaceOrientations_iPad = "UIInterfaceOrientationPortrait UIInterfaceOrientationPortraitUpsideDown UIInterfaceOrientationLandscapeLeft UIInterfaceOrientationLandscapeRight";
				INFOPLIST_KEY_UISupportedInterfaceOrientations_iPhone = "UIInterfaceOrientationPortrait UIInterfaceOrientationLandscapeLeft UIInterfaceOrientationLandscapeRight";
				IPHONEOS_DEPLOYMENT_TARGET = 15.0;
				LD_RUNPATH_SEARCH_PATHS = (
					"$(inherited)",
					"@executable_path/Frameworks",
				);
				MARKETING_VERSION = 1.0;
				PRODUCT_BUNDLE_IDENTIFIER = io.kuvi.KuviDesigniOS15;
				PRODUCT_NAME = "$(TARGET_NAME)";
				SWIFT_EMIT_LOC_STRINGS = YES;
				SWIFT_VERSION = 5.0;
				TARGETED_DEVICE_FAMILY = "1,2";
			};
			name = Release;
		};
/* End XCBuildConfiguration section */

/* Begin XCConfigurationList section */
		B4F6EFD82C509A2100DB6263 /* Build configuration list for PBXProject "KuviDesigniOS15" */ = {
			isa = XCConfigurationList;
			buildConfigurations = (
				B4F6EFE92C509A2200DB6263 /* Debug */,
				B4F6EFEA2C509A2200DB6263 /* Release */,
			);
			defaultConfigurationIsVisible = 0;
			defaultConfigurationName = Release;
		};
		B4F6EFEB2C509A2200DB6263 /* Build configuration list for PBXNativeTarget "KuviDesigniOS15" */ = {
			isa = XCConfigurationList;
			buildConfigurations = (
				B4F6EFEC2C509A2200DB6263 /* Debug */,
				B4F6EFED2C509A2200DB6263 /* Release */,
			);
			defaultConfigurationIsVisible = 0;
			defaultConfigurationName = Release;
		};
/* End XCConfigurationList section */
	};
	rootObject = B4F6EFD52C509A2100DB6263 /* Project object */;
}
